
Microsoft Visual Studio Solution File, Format Version 12.00
# Visual Studio 2013
VisualStudioVersion = 12.0.31101.0
MinimumVisualStudioVersion = 10.0.40219.1
Project("{FAE04EC0-301F-11D3-BF4B-00C04F79EFBC}") = "SOLA.WebApi", "SOLA.WebApi\SOLA.WebApi.csproj", "{E75E4FA3-9FA8-485F-A0EC-DBFA9652A6FA}"
EndProject
Project("{2150E333-8FDC-42A3-9474-1A3956D46DE8}") = "Infrastructure", "Infrastructure", "{D685E163-D299-4E69-96EE-DB2A5C4E2D60}"
EndProject
Project("{FAE04EC0-301F-11D3-BF4B-00C04F79EFBC}") = "SOLA.Infrastructure.OAuth", "Infrastructure\SOLA.Infrastructure.OAuth\SOLA.Infrastructure.OAuth.csproj", "{50C3C387-BB5C-4DAB-A09C-A2DDAA5EDB70}"
EndProject
Project("{FAE04EC0-301F-11D3-BF4B-00C04F79EFBC}") = "SOLA.Common", "Common\SOLA.Common\SOLA.Common.csproj", "{A596DE9E-23E1-4DFA-97AE-9592E2E1A89C}"
EndProject
Project("{2150E333-8FDC-42A3-9474-1A3956D46DE8}") = "Common", "Common", "{49E0425F-E76F-4014-8D72-F7890D250B5F}"
EndProject
Project("{FAE04EC0-301F-11D3-BF4B-00C04F79EFBC}") = "SOLA.Models", "Common\SOLA.Models\SOLA.Models.csproj", "{94A91B7C-9CBB-4359-976B-D3FAC3DBA0E3}"
EndProject
Project("{FAE04EC0-301F-11D3-BF4B-00C04F79EFBC}") = "SOLA.Infrastructure.WebApi", "Infrastructure\SOLA.Infrastructure.WebApi\SOLA.Infrastructure.WebApi.csproj", "{59EF3B8C-251C-4B6C-8D11-8E898A2594BC}"
EndProject
Project("{2150E333-8FDC-42A3-9474-1A3956D46DE8}") = ".nuget", ".nuget", "{A72AFFAC-B414-41FC-9459-E130982EC1D8}"
	ProjectSection(SolutionItems) = preProject
		.nuget\NuGet.Config = .nuget\NuGet.Config
		.nuget\NuGet.exe = .nuget\NuGet.exe
		.nuget\NuGet.targets = .nuget\NuGet.targets
	EndProjectSection
EndProject
Project("{2150E333-8FDC-42A3-9474-1A3956D46DE8}") = "Business", "Business", "{B4C3284E-779B-441B-8021-B0F26B7FCFD8}"
EndProject
Project("{2150E333-8FDC-42A3-9474-1A3956D46DE8}") = "DataAccess", "DataAccess", "{D3056698-AF67-4A4C-BA86-4D8AF999A7C5}"
EndProject
Project("{FAE04EC0-301F-11D3-BF4B-00C04F79EFBC}") = "SOLA.Business", "Business\SOLA.Business\SOLA.Business.csproj", "{BB40D3FF-6384-4BF8-B314-5D189DDC3434}"
EndProject
Project("{FAE04EC0-301F-11D3-BF4B-00C04F79EFBC}") = "SOLA.DataAccess", "DataAccess\SOLA.DataAccess\SOLA.DataAccess.csproj", "{0EADC919-4C2A-42B3-A7CA-CF959CBF72A5}"
EndProject
Project("{FAE04EC0-301F-11D3-BF4B-00C04F79EFBC}") = "SOLA.Infrastructure.MemoryCache", "Infrastructure\SOLA.Infrastructure.MemoryCache\SOLA.Infrastructure.MemoryCache.csproj", "{882B6EC0-0E79-466A-8460-EAE34CA97E48}"
EndProject
Project("{FAE04EC0-301F-11D3-BF4B-00C04F79EFBC}") = "SOLA.Cache", "Common\SOLA.Cache\SOLA.Cache.csproj", "{8F52AC9A-88E6-4D4E-BF68-2F73070BAAF7}"
EndProject
Project("{FAE04EC0-301F-11D3-BF4B-00C04F79EFBC}") = "SOLA.Infrastructure.PetaPoco", "Infrastructure\SOLA.Infrastructure.PetaPoco\SOLA.Infrastructure.PetaPoco.csproj", "{8A551A79-86D9-4288-BCFE-D9204CC381BF}"
EndProject
Global
	GlobalSection(SolutionConfigurationPlatforms) = preSolution
		Debug|Any CPU = Debug|Any CPU
		Release|Any CPU = Release|Any CPU
	EndGlobalSection
	GlobalSection(ProjectConfigurationPlatforms) = postSolution
		{E75E4FA3-9FA8-485F-A0EC-DBFA9652A6FA}.Debug|Any CPU.ActiveCfg = Debug|Any CPU
		{E75E4FA3-9FA8-485F-A0EC-DBFA9652A6FA}.Debug|Any CPU.Build.0 = Debug|Any CPU
		{E75E4FA3-9FA8-485F-A0EC-DBFA9652A6FA}.Release|Any CPU.ActiveCfg = Release|Any CPU
		{E75E4FA3-9FA8-485F-A0EC-DBFA9652A6FA}.Release|Any CPU.Build.0 = Release|Any CPU
		{50C3C387-BB5C-4DAB-A09C-A2DDAA5EDB70}.Debug|Any CPU.ActiveCfg = Debug|Any CPU
		{50C3C387-BB5C-4DAB-A09C-A2DDAA5EDB70}.Debug|Any CPU.Build.0 = Debug|Any CPU
		{50C3C387-BB5C-4DAB-A09C-A2DDAA5EDB70}.Release|Any CPU.ActiveCfg = Release|Any CPU
		{50C3C387-BB5C-4DAB-A09C-A2DDAA5EDB70}.Release|Any CPU.Build.0 = Release|Any CPU
		{A596DE9E-23E1-4DFA-97AE-9592E2E1A89C}.Debug|Any CPU.ActiveCfg = Debug|Any CPU
		{A596DE9E-23E1-4DFA-97AE-9592E2E1A89C}.Debug|Any CPU.Build.0 = Debug|Any CPU
		{A596DE9E-23E1-4DFA-97AE-9592E2E1A89C}.Release|Any CPU.ActiveCfg = Release|Any CPU
		{A596DE9E-23E1-4DFA-97AE-9592E2E1A89C}.Release|Any CPU.Build.0 = Release|Any CPU
		{94A91B7C-9CBB-4359-976B-D3FAC3DBA0E3}.Debug|Any CPU.ActiveCfg = Debug|Any CPU
		{94A91B7C-9CBB-4359-976B-D3FAC3DBA0E3}.Debug|Any CPU.Build.0 = Debug|Any CPU
		{94A91B7C-9CBB-4359-976B-D3FAC3DBA0E3}.Release|Any CPU.ActiveCfg = Release|Any CPU
		{94A91B7C-9CBB-4359-976B-D3FAC3DBA0E3}.Release|Any CPU.Build.0 = Release|Any CPU
		{59EF3B8C-251C-4B6C-8D11-8E898A2594BC}.Debug|Any CPU.ActiveCfg = Debug|Any CPU
		{59EF3B8C-251C-4B6C-8D11-8E898A2594BC}.Debug|Any CPU.Build.0 = Debug|Any CPU
		{59EF3B8C-251C-4B6C-8D11-8E898A2594BC}.Release|Any CPU.ActiveCfg = Release|Any CPU
		{59EF3B8C-251C-4B6C-8D11-8E898A2594BC}.Release|Any CPU.Build.0 = Release|Any CPU
		{BB40D3FF-6384-4BF8-B314-5D189DDC3434}.Debug|Any CPU.ActiveCfg = Debug|Any CPU
		{BB40D3FF-6384-4BF8-B314-5D189DDC3434}.Debug|Any CPU.Build.0 = Debug|Any CPU
		{BB40D3FF-6384-4BF8-B314-5D189DDC3434}.Release|Any CPU.ActiveCfg = Release|Any CPU
		{BB40D3FF-6384-4BF8-B314-5D189DDC3434}.Release|Any CPU.Build.0 = Release|Any CPU
		{0EADC919-4C2A-42B3-A7CA-CF959CBF72A5}.Debug|Any CPU.ActiveCfg = Debug|Any CPU
		{0EADC919-4C2A-42B3-A7CA-CF959CBF72A5}.Debug|Any CPU.Build.0 = Debug|Any CPU
		{0EADC919-4C2A-42B3-A7CA-CF959CBF72A5}.Release|Any CPU.ActiveCfg = Release|Any CPU
		{0EADC919-4C2A-42B3-A7CA-CF959CBF72A5}.Release|Any CPU.Build.0 = Release|Any CPU
		{882B6EC0-0E79-466A-8460-EAE34CA97E48}.Debug|Any CPU.ActiveCfg = Debug|Any CPU
		{882B6EC0-0E79-466A-8460-EAE34CA97E48}.Debug|Any CPU.Build.0 = Debug|Any CPU
		{882B6EC0-0E79-466A-8460-EAE34CA97E48}.Release|Any CPU.ActiveCfg = Release|Any CPU
		{882B6EC0-0E79-466A-8460-EAE34CA97E48}.Release|Any CPU.Build.0 = Release|Any CPU
		{8F52AC9A-88E6-4D4E-BF68-2F73070BAAF7}.Debug|Any CPU.ActiveCfg = Debug|Any CPU
		{8F52AC9A-88E6-4D4E-BF68-2F73070BAAF7}.Debug|Any CPU.Build.0 = Debug|Any CPU
		{8F52AC9A-88E6-4D4E-BF68-2F73070BAAF7}.Release|Any CPU.ActiveCfg = Release|Any CPU
		{8F52AC9A-88E6-4D4E-BF68-2F73070BAAF7}.Release|Any CPU.Build.0 = Release|Any CPU
		{8A551A79-86D9-4288-BCFE-D9204CC381BF}.Debug|Any CPU.ActiveCfg = Debug|Any CPU
		{8A551A79-86D9-4288-BCFE-D9204CC381BF}.Debug|Any CPU.Build.0 = Debug|Any CPU
		{8A551A79-86D9-4288-BCFE-D9204CC381BF}.Release|Any CPU.ActiveCfg = Release|Any CPU
		{8A551A79-86D9-4288-BCFE-D9204CC381BF}.Release|Any CPU.Build.0 = Release|Any CPU
	EndGlobalSection
	GlobalSection(SolutionProperties) = preSolution
		HideSolutionNode = FALSE
	EndGlobalSection
	GlobalSection(NestedProjects) = preSolution
		{50C3C387-BB5C-4DAB-A09C-A2DDAA5EDB70} = {D685E163-D299-4E69-96EE-DB2A5C4E2D60}
		{A596DE9E-23E1-4DFA-97AE-9592E2E1A89C} = {49E0425F-E76F-4014-8D72-F7890D250B5F}
		{94A91B7C-9CBB-4359-976B-D3FAC3DBA0E3} = {49E0425F-E76F-4014-8D72-F7890D250B5F}
		{59EF3B8C-251C-4B6C-8D11-8E898A2594BC} = {D685E163-D299-4E69-96EE-DB2A5C4E2D60}
		{BB40D3FF-6384-4BF8-B314-5D189DDC3434} = {B4C3284E-779B-441B-8021-B0F26B7FCFD8}
		{0EADC919-4C2A-42B3-A7CA-CF959CBF72A5} = {D3056698-AF67-4A4C-BA86-4D8AF999A7C5}
		{882B6EC0-0E79-466A-8460-EAE34CA97E48} = {D685E163-D299-4E69-96EE-DB2A5C4E2D60}
		{8F52AC9A-88E6-4D4E-BF68-2F73070BAAF7} = {49E0425F-E76F-4014-8D72-F7890D250B5F}
		{8A551A79-86D9-4288-BCFE-D9204CC381BF} = {D685E163-D299-4E69-96EE-DB2A5C4E2D60}
	EndGlobalSection
	GlobalSection(SubversionScc) = preSolution
		Svn-Managed = True
		Manager = AnkhSVN - Subversion Support for Visual Studio
	EndGlobalSection
EndGlobal
